
Microsoft Visual Studio Solution File, Format Version 9.00
# Visual Studio 2005
Project("{FAE04EC0-301F-11D3-BF4B-00C04F79EFBC}") = "zensesLib", "zensesLib\zensesLib.csproj", "{83AB58AE-96F8-4DE6-B32B-1430F99D2196}"
EndProject
Project("{FAE04EC0-301F-11D3-BF4B-00C04F79EFBC}") = "zensesClient", "zensesClient\zensesClient.csproj", "{B602DEDF-9518-4A98-AF81-67B7C36F4B64}"
EndProject
Project("{FAE04EC0-301F-11D3-BF4B-00C04F79EFBC}") = "zensesUpdater", "zensesUpdater\zensesUpdater.csproj", "{EDE6C34A-9A3C-4B7C-9395-376AD9C77A19}"
EndProject
Project("{2150E333-8FDC-42A3-9474-1A3956D46DE8}") = "Solution Items", "Solution Items", "{C9B04A1B-C491-4690-A5BF-7D516EB82DBF}"
	ProjectSection(SolutionItems) = preProject
		ChangeLog.txt = ChangeLog.txt
	EndProjectSection
EndProject
Project("{FAE04EC0-301F-11D3-BF4B-00C04F79EFBC}") = "deviceViewer", "tools\deviceViewer\deviceViewer.csproj", "{B82A5DBA-1F9D-48C2-8ED9-3BD20B6A465E}"
EndProject
Global
	GlobalSection(SolutionConfigurationPlatforms) = preSolution
		Debug|Any CPU = Debug|Any CPU
		Debug|Mixed Platforms = Debug|Mixed Platforms
		Debug|Win32 = Debug|Win32
		Release|Any CPU = Release|Any CPU
		Release|Mixed Platforms = Release|Mixed Platforms
		Release|Win32 = Release|Win32
	EndGlobalSection
	GlobalSection(ProjectConfigurationPlatforms) = postSolution
		{83AB58AE-96F8-4DE6-B32B-1430F99D2196}.Debug|Any CPU.ActiveCfg = Debug|Any CPU
		{83AB58AE-96F8-4DE6-B32B-1430F99D2196}.Debug|Any CPU.Build.0 = Debug|Any CPU
		{83AB58AE-96F8-4DE6-B32B-1430F99D2196}.Debug|Mixed Platforms.ActiveCfg = Debug|Any CPU
		{83AB58AE-96F8-4DE6-B32B-1430F99D2196}.Debug|Mixed Platforms.Build.0 = Debug|Any CPU
		{83AB58AE-96F8-4DE6-B32B-1430F99D2196}.Debug|Win32.ActiveCfg = Debug|Any CPU
		{83AB58AE-96F8-4DE6-B32B-1430F99D2196}.Release|Any CPU.ActiveCfg = Release|Any CPU
		{83AB58AE-96F8-4DE6-B32B-1430F99D2196}.Release|Any CPU.Build.0 = Release|Any CPU
		{83AB58AE-96F8-4DE6-B32B-1430F99D2196}.Release|Mixed Platforms.ActiveCfg = Release|Any CPU
		{83AB58AE-96F8-4DE6-B32B-1430F99D2196}.Release|Mixed Platforms.Build.0 = Release|Any CPU
		{83AB58AE-96F8-4DE6-B32B-1430F99D2196}.Release|Win32.ActiveCfg = Release|Any CPU
		{B602DEDF-9518-4A98-AF81-67B7C36F4B64}.Debug|Any CPU.ActiveCfg = Debug|Any CPU
		{B602DEDF-9518-4A98-AF81-67B7C36F4B64}.Debug|Any CPU.Build.0 = Debug|Any CPU
		{B602DEDF-9518-4A98-AF81-67B7C36F4B64}.Debug|Mixed Platforms.ActiveCfg = Debug|Any CPU
		{B602DEDF-9518-4A98-AF81-67B7C36F4B64}.Debug|Mixed Platforms.Build.0 = Debug|Any CPU
		{B602DEDF-9518-4A98-AF81-67B7C36F4B64}.Debug|Win32.ActiveCfg = Debug|Any CPU
		{B602DEDF-9518-4A98-AF81-67B7C36F4B64}.Release|Any CPU.ActiveCfg = Release|Any CPU
		{B602DEDF-9518-4A98-AF81-67B7C36F4B64}.Release|Any CPU.Build.0 = Release|Any CPU
		{B602DEDF-9518-4A98-AF81-67B7C36F4B64}.Release|Mixed Platforms.ActiveCfg = Release|Any CPU
		{B602DEDF-9518-4A98-AF81-67B7C36F4B64}.Release|Mixed Platforms.Build.0 = Release|Any CPU
		{B602DEDF-9518-4A98-AF81-67B7C36F4B64}.Release|Win32.ActiveCfg = Release|Any CPU
		{EDE6C34A-9A3C-4B7C-9395-376AD9C77A19}.Debug|Any CPU.ActiveCfg = Debug|Any CPU
		{EDE6C34A-9A3C-4B7C-9395-376AD9C77A19}.Debug|Any CPU.Build.0 = Debug|Any CPU
		{EDE6C34A-9A3C-4B7C-9395-376AD9C77A19}.Debug|Mixed Platforms.ActiveCfg = Debug|Any CPU
		{EDE6C34A-9A3C-4B7C-9395-376AD9C77A19}.Debug|Mixed Platforms.Build.0 = Debug|Any CPU
		{EDE6C34A-9A3C-4B7C-9395-376AD9C77A19}.Debug|Win32.ActiveCfg = Debug|Any CPU
		{EDE6C34A-9A3C-4B7C-9395-376AD9C77A19}.Release|Any CPU.ActiveCfg = Release|Any CPU
		{EDE6C34A-9A3C-4B7C-9395-376AD9C77A19}.Release|Any CPU.Build.0 = Release|Any CPU
		{EDE6C34A-9A3C-4B7C-9395-376AD9C77A19}.Release|Mixed Platforms.ActiveCfg = Release|Any CPU
		{EDE6C34A-9A3C-4B7C-9395-376AD9C77A19}.Release|Mixed Platforms.Build.0 = Release|Any CPU
		{EDE6C34A-9A3C-4B7C-9395-376AD9C77A19}.Release|Win32.ActiveCfg = Release|Any CPU
		{B82A5DBA-1F9D-48C2-8ED9-3BD20B6A465E}.Debug|Any CPU.ActiveCfg = Debug|Any CPU
		{B82A5DBA-1F9D-48C2-8ED9-3BD20B6A465E}.Debug|Any CPU.Build.0 = Debug|Any CPU
		{B82A5DBA-1F9D-48C2-8ED9-3BD20B6A465E}.Debug|Mixed Platforms.ActiveCfg = Debug|Any CPU
		{B82A5DBA-1F9D-48C2-8ED9-3BD20B6A465E}.Debug|Mixed Platforms.Build.0 = Debug|Any CPU
		{B82A5DBA-1F9D-48C2-8ED9-3BD20B6A465E}.Debug|Win32.ActiveCfg = Debug|Any CPU
		{B82A5DBA-1F9D-48C2-8ED9-3BD20B6A465E}.Release|Any CPU.ActiveCfg = Release|Any CPU
		{B82A5DBA-1F9D-48C2-8ED9-3BD20B6A465E}.Release|Any CPU.Build.0 = Release|Any CPU
		{B82A5DBA-1F9D-48C2-8ED9-3BD20B6A465E}.Release|Mixed Platforms.ActiveCfg = Release|Any CPU
		{B82A5DBA-1F9D-48C2-8ED9-3BD20B6A465E}.Release|Mixed Platforms.Build.0 = Release|Any CPU
		{B82A5DBA-1F9D-48C2-8ED9-3BD20B6A465E}.Release|Win32.ActiveCfg = Release|Any CPU
	EndGlobalSection
	GlobalSection(SolutionProperties) = preSolution
		HideSolutionNode = FALSE
	EndGlobalSection
EndGlobal
